
Microsoft Visual Studio Solution File, Format Version 12.00
# Visual Studio Version 16
VisualStudioVersion = 16.0.30711.63
MinimumVisualStudioVersion = 10.0.40219.1
Project("{FAE04EC0-301F-11D3-BF4B-00C04F79EFBC}") = "Changey", "Changey\Changey.csproj", "{E11D1C80-9310-40E4-8466-D5FF30957D64}"
EndProject
Project("{FAE04EC0-301F-11D3-BF4B-00C04F79EFBC}") = "Changey.Tests", "Changey.Tests\Changey.Tests.csproj", "{4AFFD0D0-0DF7-481C-900A-DBA93D96F2BB}"
EndProject
Global
	GlobalSection(SolutionConfigurationPlatforms) = preSolution
		Debug|Any CPU = Debug|Any CPU
		Release|Any CPU = Release|Any CPU
	EndGlobalSection
	GlobalSection(ProjectConfigurationPlatforms) = postSolution
		{E11D1C80-9310-40E4-8466-D5FF30957D64}.Debug|Any CPU.ActiveCfg = Debug|Any CPU
		{E11D1C80-9310-40E4-8466-D5FF30957D64}.Debug|Any CPU.Build.0 = Debug|Any CPU
		{E11D1C80-9310-40E4-8466-D5FF30957D64}.Release|Any CPU.ActiveCfg = Release|Any CPU
		{E11D1C80-9310-40E4-8466-D5FF30957D64}.Release|Any CPU.Build.0 = Release|Any CPU
		{4AFFD0D0-0DF7-481C-900A-DBA93D96F2BB}.Debug|Any CPU.ActiveCfg = Debug|Any CPU
		{4AFFD0D0-0DF7-481C-900A-DBA93D96F2BB}.Debug|Any CPU.Build.0 = Debug|Any CPU
		{4AFFD0D0-0DF7-481C-900A-DBA93D96F2BB}.Release|Any CPU.ActiveCfg = Release|Any CPU
		{4AFFD0D0-0DF7-481C-900A-DBA93D96F2BB}.Release|Any CPU.Build.0 = Release|Any CPU
	EndGlobalSection
	GlobalSection(SolutionProperties) = preSolution
		HideSolutionNode = FALSE
	EndGlobalSection
	GlobalSection(ExtensibilityGlobals) = postSolution
		SolutionGuid = {7070DD6E-FDA3-48EF-BB3B-9A442EC7DEFC}
	EndGlobalSection
EndGlobal
